
Microsoft Visual Studio Solution File, Format Version 12.00
# Visual Studio Version 17
VisualStudioVersion = 17.14.36414.22
MinimumVisualStudioVersion = 10.0.40219.1
Project("{2150E333-8FDC-42A3-9474-1A3956D46DE8}") = "Task0", "Task0", "{02EA681E-C7D8-13C7-8484-4AC65E1B71E8}"
EndProject
Project("{FAE04EC0-301F-11D3-BF4B-00C04F79EFBC}") = "Tyuiu.KorolkovDS.Sprint5.Task0.V19", "Tyuiu.KorolkovDS.Sprint5.Task0.V19\Tyuiu.KorolkovDS.Sprint5.Task0.V19.csproj", "{1AA2A7BF-F7CF-4928-BEC6-91E2E3380137}"
EndProject
Project("{FAE04EC0-301F-11D3-BF4B-00C04F79EFBC}") = "Tyuiu.KorolkovDS.Sprint5.Task0.V19.Lib", "Tyuiu.KorolkovDS.Sprint5.Task0.V19.Lib\Tyuiu.KorolkovDS.Sprint5.Task0.V19.Lib.csproj", "{2D4ABFF6-0FF3-4938-88FD-68CF37A2ED95}"
EndProject
Project("{FAE04EC0-301F-11D3-BF4B-00C04F79EFBC}") = "Tyuiu.KorolkovDS.Sprint5.Task0.V19.Test", "Tyuiu.KorolkovDS.Sprint5.Task0.V19.Test\Tyuiu.KorolkovDS.Sprint5.Task0.V19.Test.csproj", "{997495B4-0132-496A-802F-229AAABC9ECB}"
EndProject
Project("{2150E333-8FDC-42A3-9474-1A3956D46DE8}") = "Task1", "Task1", "{5DE38F73-B145-4707-A8F9-874F1AE049FC}"
EndProject
Project("{FAE04EC0-301F-11D3-BF4B-00C04F79EFBC}") = "Tyuiu.KorolkovDS.Sprint5.Task1.V12", "Tyuiu.KorolkovDS.Sprint5.Task1.V12\Tyuiu.KorolkovDS.Sprint5.Task1.V12.csproj", "{DDF41C0E-3C25-40C4-B873-F3453EDEB781}"
EndProject
Project("{FAE04EC0-301F-11D3-BF4B-00C04F79EFBC}") = "Tyuiu.KorolkovDS.Sprint5.Task1.V12.Lib", "Tyuiu.KorolkovDS.Sprint5.Task1.V12.Lib\Tyuiu.KorolkovDS.Sprint5.Task1.V12.Lib.csproj", "{78DA4987-6557-4F32-9214-4E156F1768D2}"
EndProject
Project("{FAE04EC0-301F-11D3-BF4B-00C04F79EFBC}") = "Tyuiu.KorolkovDS.Sprint5.Task1.V12.Test", "Tyuiu.KorolkovDS.Sprint5.Task1.V12.Test\Tyuiu.KorolkovDS.Sprint5.Task1.V12.Test.csproj", "{86006324-1C60-4130-A818-D262A1AB0875}"
EndProject
Project("{2150E333-8FDC-42A3-9474-1A3956D46DE8}") = "Task2", "Task2", "{920224F1-716D-4719-865C-EC1B9A44DA5B}"
EndProject
Project("{FAE04EC0-301F-11D3-BF4B-00C04F79EFBC}") = "Tyuiu.KorolkovDS.Sprint5.Task2.V2", "Tyuiu.KorolkovDS.Sprint5.Task2.V2\Tyuiu.KorolkovDS.Sprint5.Task2.V2.csproj", "{4CF52278-ED38-4C6E-8701-DBDE281F63A7}"
EndProject
Project("{FAE04EC0-301F-11D3-BF4B-00C04F79EFBC}") = "Tyuiu.KorolkovDS.Sprint5.Task2.V2.Lib", "Tyuiu.KorolkovDS.Sprint5.Task2.V2.Lib\Tyuiu.KorolkovDS.Sprint5.Task2.V2.Lib.csproj", "{D4C14B99-3846-4C53-B81B-4947C9AC9C9A}"
EndProject
Project("{FAE04EC0-301F-11D3-BF4B-00C04F79EFBC}") = "Tyuiu.KorolkovDS.Sprint5.Task2.V2.Test", "Tyuiu.KorolkovDS.Sprint5.Task2.V2.Test\Tyuiu.KorolkovDS.Sprint5.Task2.V2.Test.csproj", "{129871D1-4246-4C60-8E65-912FB5723577}"
EndProject
Project("{2150E333-8FDC-42A3-9474-1A3956D46DE8}") = "Task3", "Task3", "{41EA2983-DACF-4526-9B7A-B58DF583BB4F}"
EndProject
Project("{FAE04EC0-301F-11D3-BF4B-00C04F79EFBC}") = "Tyuiu.KorolkovDS.Sprint5.Task3.V26", "Tyuiu.KorolkovDS.Sprint5.Task3.V26\Tyuiu.KorolkovDS.Sprint5.Task3.V26.csproj", "{01191DA7-0C3A-455E-9B6D-916ECC173D05}"
EndProject
Project("{FAE04EC0-301F-11D3-BF4B-00C04F79EFBC}") = "Tyuiu.KorolkovDS.Sprint5.Task3.V26.Lib", "Tyuiu.KorolkovDS.Sprint5.Task3.V26.Lib\Tyuiu.KorolkovDS.Sprint5.Task3.V26.Lib.csproj", "{0555C2DF-B9BC-4966-B256-DD08C36F76E2}"
EndProject
Project("{FAE04EC0-301F-11D3-BF4B-00C04F79EFBC}") = "Tyuiu.KorolkovDS.Sprint5.Task3.V26.Test", "Tyuiu.KorolkovDS.Sprint5.Task3.V26.Test\Tyuiu.KorolkovDS.Sprint5.Task3.V26.Test.csproj", "{7D9AF718-6F1D-496E-A9F2-0668832A2D65}"
EndProject
Project("{2150E333-8FDC-42A3-9474-1A3956D46DE8}") = "Task4", "Task4", "{9E6405EE-7EF0-4E74-9D09-3DBFF65ADC1C}"
EndProject
Project("{FAE04EC0-301F-11D3-BF4B-00C04F79EFBC}") = "Tyuiu.KorolkovDS.Sprint5.Task4.V3", "Tyuiu.KorolkovDS.Sprint5.Task4.V3\Tyuiu.KorolkovDS.Sprint5.Task4.V3.csproj", "{93C4D0C0-C85C-422B-9F9C-7993E2FD2AC0}"
EndProject
Project("{FAE04EC0-301F-11D3-BF4B-00C04F79EFBC}") = "Tyuiu.KorolkovDS.Sprint5.Task4.V3.Lib", "Tyuiu.KorolkovDS.Sprint5.Task4.V3.Lib\Tyuiu.KorolkovDS.Sprint5.Task4.V3.Lib.csproj", "{897A27B0-A7E5-4930-B681-5E72F19619B0}"
EndProject
Project("{FAE04EC0-301F-11D3-BF4B-00C04F79EFBC}") = "Tyuiu.KorolkovDS.Sprint5.Task4.V3.Test", "Tyuiu.KorolkovDS.Sprint5.Task4.V3.Test\Tyuiu.KorolkovDS.Sprint5.Task4.V3.Test.csproj", "{3A1D3EE1-BF68-4682-ACE5-15969A241BB1}"
EndProject
Global
	GlobalSection(SolutionConfigurationPlatforms) = preSolution
		Debug|Any CPU = Debug|Any CPU
		Release|Any CPU = Release|Any CPU
	EndGlobalSection
	GlobalSection(ProjectConfigurationPlatforms) = postSolution
		{1AA2A7BF-F7CF-4928-BEC6-91E2E3380137}.Debug|Any CPU.ActiveCfg = Debug|Any CPU
		{1AA2A7BF-F7CF-4928-BEC6-91E2E3380137}.Debug|Any CPU.Build.0 = Debug|Any CPU
		{1AA2A7BF-F7CF-4928-BEC6-91E2E3380137}.Release|Any CPU.ActiveCfg = Release|Any CPU
		{1AA2A7BF-F7CF-4928-BEC6-91E2E3380137}.Release|Any CPU.Build.0 = Release|Any CPU
		{2D4ABFF6-0FF3-4938-88FD-68CF37A2ED95}.Debug|Any CPU.ActiveCfg = Debug|Any CPU
		{2D4ABFF6-0FF3-4938-88FD-68CF37A2ED95}.Debug|Any CPU.Build.0 = Debug|Any CPU
		{2D4ABFF6-0FF3-4938-88FD-68CF37A2ED95}.Release|Any CPU.ActiveCfg = Release|Any CPU
		{2D4ABFF6-0FF3-4938-88FD-68CF37A2ED95}.Release|Any CPU.Build.0 = Release|Any CPU
		{997495B4-0132-496A-802F-229AAABC9ECB}.Debug|Any CPU.ActiveCfg = Debug|Any CPU
		{997495B4-0132-496A-802F-229AAABC9ECB}.Debug|Any CPU.Build.0 = Debug|Any CPU
		{997495B4-0132-496A-802F-229AAABC9ECB}.Release|Any CPU.ActiveCfg = Release|Any CPU
		{997495B4-0132-496A-802F-229AAABC9ECB}.Release|Any CPU.Build.0 = Release|Any CPU
		{DDF41C0E-3C25-40C4-B873-F3453EDEB781}.Debug|Any CPU.ActiveCfg = Debug|Any CPU
		{DDF41C0E-3C25-40C4-B873-F3453EDEB781}.Debug|Any CPU.Build.0 = Debug|Any CPU
		{DDF41C0E-3C25-40C4-B873-F3453EDEB781}.Release|Any CPU.ActiveCfg = Release|Any CPU
		{DDF41C0E-3C25-40C4-B873-F3453EDEB781}.Release|Any CPU.Build.0 = Release|Any CPU
		{78DA4987-6557-4F32-9214-4E156F1768D2}.Debug|Any CPU.ActiveCfg = Debug|Any CPU
		{78DA4987-6557-4F32-9214-4E156F1768D2}.Debug|Any CPU.Build.0 = Debug|Any CPU
		{78DA4987-6557-4F32-9214-4E156F1768D2}.Release|Any CPU.ActiveCfg = Release|Any CPU
		{78DA4987-6557-4F32-9214-4E156F1768D2}.Release|Any CPU.Build.0 = Release|Any CPU
		{86006324-1C60-4130-A818-D262A1AB0875}.Debug|Any CPU.ActiveCfg = Debug|Any CPU
		{86006324-1C60-4130-A818-D262A1AB0875}.Debug|Any CPU.Build.0 = Debug|Any CPU
		{86006324-1C60-4130-A818-D262A1AB0875}.Release|Any CPU.ActiveCfg = Release|Any CPU
		{86006324-1C60-4130-A818-D262A1AB0875}.Release|Any CPU.Build.0 = Release|Any CPU
		{4CF52278-ED38-4C6E-8701-DBDE281F63A7}.Debug|Any CPU.ActiveCfg = Debug|Any CPU
		{4CF52278-ED38-4C6E-8701-DBDE281F63A7}.Debug|Any CPU.Build.0 = Debug|Any CPU
		{4CF52278-ED38-4C6E-8701-DBDE281F63A7}.Release|Any CPU.ActiveCfg = Release|Any CPU
		{4CF52278-ED38-4C6E-8701-DBDE281F63A7}.Release|Any CPU.Build.0 = Release|Any CPU
		{D4C14B99-3846-4C53-B81B-4947C9AC9C9A}.Debug|Any CPU.ActiveCfg = Debug|Any CPU
		{D4C14B99-3846-4C53-B81B-4947C9AC9C9A}.Debug|Any CPU.Build.0 = Debug|Any CPU
		{D4C14B99-3846-4C53-B81B-4947C9AC9C9A}.Release|Any CPU.ActiveCfg = Release|Any CPU
		{D4C14B99-3846-4C53-B81B-4947C9AC9C9A}.Release|Any CPU.Build.0 = Release|Any CPU
		{129871D1-4246-4C60-8E65-912FB5723577}.Debug|Any CPU.ActiveCfg = Debug|Any CPU
		{129871D1-4246-4C60-8E65-912FB5723577}.Debug|Any CPU.Build.0 = Debug|Any CPU
		{129871D1-4246-4C60-8E65-912FB5723577}.Release|Any CPU.ActiveCfg = Release|Any CPU
		{129871D1-4246-4C60-8E65-912FB5723577}.Release|Any CPU.Build.0 = Release|Any CPU
		{01191DA7-0C3A-455E-9B6D-916ECC173D05}.Debug|Any CPU.ActiveCfg = Debug|Any CPU
		{01191DA7-0C3A-455E-9B6D-916ECC173D05}.Debug|Any CPU.Build.0 = Debug|Any CPU
		{01191DA7-0C3A-455E-9B6D-916ECC173D05}.Release|Any CPU.ActiveCfg = Release|Any CPU
		{01191DA7-0C3A-455E-9B6D-916ECC173D05}.Release|Any CPU.Build.0 = Release|Any CPU
		{0555C2DF-B9BC-4966-B256-DD08C36F76E2}.Debug|Any CPU.ActiveCfg = Debug|Any CPU
		{0555C2DF-B9BC-4966-B256-DD08C36F76E2}.Debug|Any CPU.Build.0 = Debug|Any CPU
		{0555C2DF-B9BC-4966-B256-DD08C36F76E2}.Release|Any CPU.ActiveCfg = Release|Any CPU
		{0555C2DF-B9BC-4966-B256-DD08C36F76E2}.Release|Any CPU.Build.0 = Release|Any CPU
		{7D9AF718-6F1D-496E-A9F2-0668832A2D65}.Debug|Any CPU.ActiveCfg = Debug|Any CPU
		{7D9AF718-6F1D-496E-A9F2-0668832A2D65}.Debug|Any CPU.Build.0 = Debug|Any CPU
		{7D9AF718-6F1D-496E-A9F2-0668832A2D65}.Release|Any CPU.ActiveCfg = Release|Any CPU
		{7D9AF718-6F1D-496E-A9F2-0668832A2D65}.Release|Any CPU.Build.0 = Release|Any CPU
		{93C4D0C0-C85C-422B-9F9C-7993E2FD2AC0}.Debug|Any CPU.ActiveCfg = Debug|Any CPU
		{93C4D0C0-C85C-422B-9F9C-7993E2FD2AC0}.Debug|Any CPU.Build.0 = Debug|Any CPU
		{93C4D0C0-C85C-422B-9F9C-7993E2FD2AC0}.Release|Any CPU.ActiveCfg = Release|Any CPU
		{93C4D0C0-C85C-422B-9F9C-7993E2FD2AC0}.Release|Any CPU.Build.0 = Release|Any CPU
		{897A27B0-A7E5-4930-B681-5E72F19619B0}.Debug|Any CPU.ActiveCfg = Debug|Any CPU
		{897A27B0-A7E5-4930-B681-5E72F19619B0}.Debug|Any CPU.Build.0 = Debug|Any CPU
		{897A27B0-A7E5-4930-B681-5E72F19619B0}.Release|Any CPU.ActiveCfg = Release|Any CPU
		{897A27B0-A7E5-4930-B681-5E72F19619B0}.Release|Any CPU.Build.0 = Release|Any CPU
		{3A1D3EE1-BF68-4682-ACE5-15969A241BB1}.Debug|Any CPU.ActiveCfg = Debug|Any CPU
		{3A1D3EE1-BF68-4682-ACE5-15969A241BB1}.Debug|Any CPU.Build.0 = Debug|Any CPU
		{3A1D3EE1-BF68-4682-ACE5-15969A241BB1}.Release|Any CPU.ActiveCfg = Release|Any CPU
		{3A1D3EE1-BF68-4682-ACE5-15969A241BB1}.Release|Any CPU.Build.0 = Release|Any CPU
	EndGlobalSection
	GlobalSection(SolutionProperties) = preSolution
		HideSolutionNode = FALSE
	EndGlobalSection
	GlobalSection(NestedProjects) = preSolution
		{1AA2A7BF-F7CF-4928-BEC6-91E2E3380137} = {02EA681E-C7D8-13C7-8484-4AC65E1B71E8}
		{2D4ABFF6-0FF3-4938-88FD-68CF37A2ED95} = {02EA681E-C7D8-13C7-8484-4AC65E1B71E8}
		{997495B4-0132-496A-802F-229AAABC9ECB} = {02EA681E-C7D8-13C7-8484-4AC65E1B71E8}
		{DDF41C0E-3C25-40C4-B873-F3453EDEB781} = {5DE38F73-B145-4707-A8F9-874F1AE049FC}
		{78DA4987-6557-4F32-9214-4E156F1768D2} = {5DE38F73-B145-4707-A8F9-874F1AE049FC}
		{86006324-1C60-4130-A818-D262A1AB0875} = {5DE38F73-B145-4707-A8F9-874F1AE049FC}
		{4CF52278-ED38-4C6E-8701-DBDE281F63A7} = {920224F1-716D-4719-865C-EC1B9A44DA5B}
		{D4C14B99-3846-4C53-B81B-4947C9AC9C9A} = {920224F1-716D-4719-865C-EC1B9A44DA5B}
		{129871D1-4246-4C60-8E65-912FB5723577} = {920224F1-716D-4719-865C-EC1B9A44DA5B}
		{01191DA7-0C3A-455E-9B6D-916ECC173D05} = {41EA2983-DACF-4526-9B7A-B58DF583BB4F}
		{0555C2DF-B9BC-4966-B256-DD08C36F76E2} = {41EA2983-DACF-4526-9B7A-B58DF583BB4F}
		{7D9AF718-6F1D-496E-A9F2-0668832A2D65} = {41EA2983-DACF-4526-9B7A-B58DF583BB4F}
		{93C4D0C0-C85C-422B-9F9C-7993E2FD2AC0} = {9E6405EE-7EF0-4E74-9D09-3DBFF65ADC1C}
		{897A27B0-A7E5-4930-B681-5E72F19619B0} = {9E6405EE-7EF0-4E74-9D09-3DBFF65ADC1C}
		{3A1D3EE1-BF68-4682-ACE5-15969A241BB1} = {9E6405EE-7EF0-4E74-9D09-3DBFF65ADC1C}
	EndGlobalSection
	GlobalSection(ExtensibilityGlobals) = postSolution
		SolutionGuid = {8B70FCEF-F30D-43BD-957E-AC73A0161200}
	EndGlobalSection
EndGlobal
