
Microsoft Visual Studio Solution File, Format Version 12.00
# Visual Studio Version 17
VisualStudioVersion = 17.14.36414.22
MinimumVisualStudioVersion = 10.0.40219.1
Project("{2150E333-8FDC-42A3-9474-1A3956D46DE8}") = "Task0", "Task0", "{02EA681E-C7D8-13C7-8484-4AC65E1B71E8}"
EndProject
Project("{FAE04EC0-301F-11D3-BF4B-00C04F79EFBC}") = "Tyuiu.KorolkovDS.Sprint5.Task0.V19", "Tyuiu.KorolkovDS.Sprint5.Task0.V19\Tyuiu.KorolkovDS.Sprint5.Task0.V19.csproj", "{1AA2A7BF-F7CF-4928-BEC6-91E2E3380137}"
EndProject
Project("{FAE04EC0-301F-11D3-BF4B-00C04F79EFBC}") = "Tyuiu.KorolkovDS.Sprint5.Task0.V19.Lib", "Tyuiu.KorolkovDS.Sprint5.Task0.V19.Lib\Tyuiu.KorolkovDS.Sprint5.Task0.V19.Lib.csproj", "{2D4ABFF6-0FF3-4938-88FD-68CF37A2ED95}"
EndProject
Project("{FAE04EC0-301F-11D3-BF4B-00C04F79EFBC}") = "Tyuiu.KorolkovDS.Sprint5.Task0.V19.Test", "Tyuiu.KorolkovDS.Sprint5.Task0.V19.Test\Tyuiu.KorolkovDS.Sprint5.Task0.V19.Test.csproj", "{997495B4-0132-496A-802F-229AAABC9ECB}"
EndProject
Global
	GlobalSection(SolutionConfigurationPlatforms) = preSolution
		Debug|Any CPU = Debug|Any CPU
		Release|Any CPU = Release|Any CPU
	EndGlobalSection
	GlobalSection(ProjectConfigurationPlatforms) = postSolution
		{1AA2A7BF-F7CF-4928-BEC6-91E2E3380137}.Debug|Any CPU.ActiveCfg = Debug|Any CPU
		{1AA2A7BF-F7CF-4928-BEC6-91E2E3380137}.Debug|Any CPU.Build.0 = Debug|Any CPU
		{1AA2A7BF-F7CF-4928-BEC6-91E2E3380137}.Release|Any CPU.ActiveCfg = Release|Any CPU
		{1AA2A7BF-F7CF-4928-BEC6-91E2E3380137}.Release|Any CPU.Build.0 = Release|Any CPU
		{2D4ABFF6-0FF3-4938-88FD-68CF37A2ED95}.Debug|Any CPU.ActiveCfg = Debug|Any CPU
		{2D4ABFF6-0FF3-4938-88FD-68CF37A2ED95}.Debug|Any CPU.Build.0 = Debug|Any CPU
		{2D4ABFF6-0FF3-4938-88FD-68CF37A2ED95}.Release|Any CPU.ActiveCfg = Release|Any CPU
		{2D4ABFF6-0FF3-4938-88FD-68CF37A2ED95}.Release|Any CPU.Build.0 = Release|Any CPU
		{997495B4-0132-496A-802F-229AAABC9ECB}.Debug|Any CPU.ActiveCfg = Debug|Any CPU
		{997495B4-0132-496A-802F-229AAABC9ECB}.Debug|Any CPU.Build.0 = Debug|Any CPU
		{997495B4-0132-496A-802F-229AAABC9ECB}.Release|Any CPU.ActiveCfg = Release|Any CPU
		{997495B4-0132-496A-802F-229AAABC9ECB}.Release|Any CPU.Build.0 = Release|Any CPU
	EndGlobalSection
	GlobalSection(SolutionProperties) = preSolution
		HideSolutionNode = FALSE
	EndGlobalSection
	GlobalSection(NestedProjects) = preSolution
		{1AA2A7BF-F7CF-4928-BEC6-91E2E3380137} = {02EA681E-C7D8-13C7-8484-4AC65E1B71E8}
		{2D4ABFF6-0FF3-4938-88FD-68CF37A2ED95} = {02EA681E-C7D8-13C7-8484-4AC65E1B71E8}
		{997495B4-0132-496A-802F-229AAABC9ECB} = {02EA681E-C7D8-13C7-8484-4AC65E1B71E8}
	EndGlobalSection
	GlobalSection(ExtensibilityGlobals) = postSolution
		SolutionGuid = {8B70FCEF-F30D-43BD-957E-AC73A0161200}
	EndGlobalSection
EndGlobal
